
Microsoft Visual Studio Solution File, Format Version 12.00
# Visual Studio Version 17
VisualStudioVersion = 17.14.36915.13 d17.14
MinimumVisualStudioVersion = 10.0.40219.1
Project("{FAE04EC0-301F-11D3-BF4B-00C04F79EFBC}") = "Part2", "Part2\Part2.csproj", "{55BCE5A4-78D7-4D50-AC79-0D9E13B13BF0}"
EndProject
Global
	GlobalSection(SolutionConfigurationPlatforms) = preSolution
		Debug|Any CPU = Debug|Any CPU
		Release|Any CPU = Release|Any CPU
	EndGlobalSection
	GlobalSection(ProjectConfigurationPlatforms) = postSolution
		{55BCE5A4-78D7-4D50-AC79-0D9E13B13BF0}.Debug|Any CPU.ActiveCfg = Debug|Any CPU
		{55BCE5A4-78D7-4D50-AC79-0D9E13B13BF0}.Debug|Any CPU.Build.0 = Debug|Any CPU
		{55BCE5A4-78D7-4D50-AC79-0D9E13B13BF0}.Release|Any CPU.ActiveCfg = Release|Any CPU
		{55BCE5A4-78D7-4D50-AC79-0D9E13B13BF0}.Release|Any CPU.Build.0 = Release|Any CPU
	EndGlobalSection
	GlobalSection(SolutionProperties) = preSolution
		HideSolutionNode = FALSE
	EndGlobalSection
	GlobalSection(ExtensibilityGlobals) = postSolution
		SolutionGuid = {89DA0916-21DC-4064-860E-3C076251E1BF}
	EndGlobalSection
EndGlobal
